
Microsoft Visual Studio Solution File, Format Version 12.00
# Visual Studio Version 17
VisualStudioVersion = 17.3.32819.101
MinimumVisualStudioVersion = 10.0.40219.1
Project("{F184B08F-C81C-45F6-A57F-5ABD9991F28F}") = "SalesnInventory", "SalesnInventory\SalesnInventory.vbproj", "{96FE77E6-2650-4301-B276-80C17DB26400}"
EndProject
Global
	GlobalSection(SolutionConfigurationPlatforms) = preSolution
		Debug|Any CPU = Debug|Any CPU
		Release|Any CPU = Release|Any CPU
	EndGlobalSection
	GlobalSection(ProjectConfigurationPlatforms) = postSolution
		{96FE77E6-2650-4301-B276-80C17DB26400}.Debug|Any CPU.ActiveCfg = Debug|Any CPU
		{96FE77E6-2650-4301-B276-80C17DB26400}.Debug|Any CPU.Build.0 = Debug|Any CPU
		{96FE77E6-2650-4301-B276-80C17DB26400}.Release|Any CPU.ActiveCfg = Release|Any CPU
		{96FE77E6-2650-4301-B276-80C17DB26400}.Release|Any CPU.Build.0 = Release|Any CPU
	EndGlobalSection
	GlobalSection(SolutionProperties) = preSolution
		HideSolutionNode = FALSE
	EndGlobalSection
	GlobalSection(ExtensibilityGlobals) = postSolution
		SolutionGuid = {911B5C2D-8A22-451B-B2A5-9D035E0348C5}
	EndGlobalSection
EndGlobal
